
Microsoft Visual Studio Solution File, Format Version 12.00
# Visual Studio Version 16
VisualStudioVersion = 16.0.31613.86
MinimumVisualStudioVersion = 10.0.40219.1
Project("{FAE04EC0-301F-11D3-BF4B-00C04F79EFBC}") = "Recount", "Recount.csproj", "{83F3F5F5-217B-4C53-81A5-19A236493FDA}"
EndProject
Global
	GlobalSection(SolutionConfigurationPlatforms) = preSolution
		Debug|Any CPU = Debug|Any CPU
		Release|Any CPU = Release|Any CPU
	EndGlobalSection
	GlobalSection(ProjectConfigurationPlatforms) = postSolution
		{83F3F5F5-217B-4C53-81A5-19A236493FDA}.Debug|Any CPU.ActiveCfg = Debug|Any CPU
		{83F3F5F5-217B-4C53-81A5-19A236493FDA}.Debug|Any CPU.Build.0 = Debug|Any CPU
		{83F3F5F5-217B-4C53-81A5-19A236493FDA}.Release|Any CPU.ActiveCfg = Release|Any CPU
		{83F3F5F5-217B-4C53-81A5-19A236493FDA}.Release|Any CPU.Build.0 = Release|Any CPU
	EndGlobalSection
	GlobalSection(SolutionProperties) = preSolution
		HideSolutionNode = FALSE
	EndGlobalSection
	GlobalSection(ExtensibilityGlobals) = postSolution
		SolutionGuid = {CBEAABA9-FBE8-4BC2-8169-F15C76A86DA7}
	EndGlobalSection
EndGlobal
